
Microsoft Visual Studio Solution File, Format Version 12.00
# Visual Studio Version 17
VisualStudioVersion = 17.1.32328.378
MinimumVisualStudioVersion = 10.0.40219.1
Project("{9A19103F-16F7-4668-BE54-9A1E7A4F7556}") = "CollectionSortingBenchmarks", "CollectionSortingBenchmarks\CollectionSortingBenchmarks.csproj", "{492F73BA-F258-454E-8C07-7D78FB4EBECE}"
EndProject
Project("{9A19103F-16F7-4668-BE54-9A1E7A4F7556}") = "SortingTests", "SortingTests\SortingTests.csproj", "{1DE7E7DE-536E-4029-A4A0-69CB3320DA0E}"
EndProject
Global
	GlobalSection(SolutionConfigurationPlatforms) = preSolution
		Debug|Any CPU = Debug|Any CPU
		Release|Any CPU = Release|Any CPU
	EndGlobalSection
	GlobalSection(ProjectConfigurationPlatforms) = postSolution
		{492F73BA-F258-454E-8C07-7D78FB4EBECE}.Debug|Any CPU.ActiveCfg = Debug|Any CPU
		{492F73BA-F258-454E-8C07-7D78FB4EBECE}.Debug|Any CPU.Build.0 = Debug|Any CPU
		{492F73BA-F258-454E-8C07-7D78FB4EBECE}.Release|Any CPU.ActiveCfg = Release|Any CPU
		{492F73BA-F258-454E-8C07-7D78FB4EBECE}.Release|Any CPU.Build.0 = Release|Any CPU
		{1DE7E7DE-536E-4029-A4A0-69CB3320DA0E}.Debug|Any CPU.ActiveCfg = Debug|Any CPU
		{1DE7E7DE-536E-4029-A4A0-69CB3320DA0E}.Debug|Any CPU.Build.0 = Debug|Any CPU
		{1DE7E7DE-536E-4029-A4A0-69CB3320DA0E}.Release|Any CPU.ActiveCfg = Release|Any CPU
		{1DE7E7DE-536E-4029-A4A0-69CB3320DA0E}.Release|Any CPU.Build.0 = Release|Any CPU
	EndGlobalSection
	GlobalSection(SolutionProperties) = preSolution
		HideSolutionNode = FALSE
	EndGlobalSection
	GlobalSection(ExtensibilityGlobals) = postSolution
		SolutionGuid = {74806D22-3FEA-40E8-9DF0-A65576E582E7}
	EndGlobalSection
EndGlobal
